// !$*UTF8*$!
{
	archiveVersion = 1;
	classes = {
	};
	objectVersion = 55;
	objects = {

/* Begin PBXBuildFile section */
		34775A0028817F3C00F01033 /* SairaStencilOne-Regular.ttf in Resources */ = {isa = PBXBuildFile; fileRef = 347759FF28817F3C00F01033 /* SairaStencilOne-Regular.ttf */; };
		34775A032881848000F01033 /* UIColor + ext.swift in Sources */ = {isa = PBXBuildFile; fileRef = 34775A022881848000F01033 /* UIColor + ext.swift */; };
		34775A052881850800F01033 /* GuidomiaNavigationController.swift in Sources */ = {isa = PBXBuildFile; fileRef = 34775A042881850800F01033 /* GuidomiaNavigationController.swift */; };
		34775A0728818A7600F01033 /* UIView + ext.swift in Sources */ = {isa = PBXBuildFile; fileRef = 34775A0628818A7600F01033 /* UIView + ext.swift */; };
		34775A0928818B6100F01033 /* MainPageLogo.swift in Sources */ = {isa = PBXBuildFile; fileRef = 34775A0828818B6100F01033 /* MainPageLogo.swift */; };
		34775A0D2881948600F01033 /* car_list.json in Resources */ = {isa = PBXBuildFile; fileRef = 34775A0C2881948600F01033 /* car_list.json */; };
		34775A11288273B100F01033 /* VehicleModel.swift in Sources */ = {isa = PBXBuildFile; fileRef = 34775A10288273B100F01033 /* VehicleModel.swift */; };
		34775A15288273DB00F01033 /* VehicleSectionCell.swift in Sources */ = {isa = PBXBuildFile; fileRef = 34775A14288273DB00F01033 /* VehicleSectionCell.swift */; };
		34775A172882741E00F01033 /* Constants.swift in Sources */ = {isa = PBXBuildFile; fileRef = 34775A162882741E00F01033 /* Constants.swift */; };
		34775A1928828DF600F01033 /* String + ext.swift in Sources */ = {isa = PBXBuildFile; fileRef = 34775A1828828DF600F01033 /* String + ext.swift */; };
		34775A1B2882D5E800F01033 /* VehicleDetailsCell.swift in Sources */ = {isa = PBXBuildFile; fileRef = 34775A1A2882D5E800F01033 /* VehicleDetailsCell.swift */; };
		34775A1D2882D5FE00F01033 /* SeparatorCell.swift in Sources */ = {isa = PBXBuildFile; fileRef = 34775A1C2882D5FE00F01033 /* SeparatorCell.swift */; };
		34775A202883D25700F01033 /* FilterButton.swift in Sources */ = {isa = PBXBuildFile; fileRef = 34775A1F2883D25700F01033 /* FilterButton.swift */; };
		34775A232883D28700F01033 /* FiltersView.swift in Sources */ = {isa = PBXBuildFile; fileRef = 34775A222883D28700F01033 /* FiltersView.swift */; };
		34775A252883F28200F01033 /* DropdownView.swift in Sources */ = {isa = PBXBuildFile; fileRef = 34775A242883F28200F01033 /* DropdownView.swift */; };
		34EAC9992881784F00A483B8 /* AppDelegate.swift in Sources */ = {isa = PBXBuildFile; fileRef = 34EAC9982881784F00A483B8 /* AppDelegate.swift */; };
		34EAC99B2881784F00A483B8 /* SceneDelegate.swift in Sources */ = {isa = PBXBuildFile; fileRef = 34EAC99A2881784F00A483B8 /* SceneDelegate.swift */; };
		34EAC99D2881784F00A483B8 /* MainVC.swift in Sources */ = {isa = PBXBuildFile; fileRef = 34EAC99C2881784F00A483B8 /* MainVC.swift */; };
		34EAC9A22881785000A483B8 /* Assets.xcassets in Resources */ = {isa = PBXBuildFile; fileRef = 34EAC9A12881785000A483B8 /* Assets.xcassets */; };
		34EAC9A52881785000A483B8 /* LaunchScreen.storyboard in Resources */ = {isa = PBXBuildFile; fileRef = 34EAC9A32881785000A483B8 /* LaunchScreen.storyboard */; };
/* End PBXBuildFile section */

/* Begin PBXFileReference section */
		347759FF28817F3C00F01033 /* SairaStencilOne-Regular.ttf */ = {isa = PBXFileReference; lastKnownFileType = file; path = "SairaStencilOne-Regular.ttf"; sourceTree = "<group>"; };
		34775A022881848000F01033 /* UIColor + ext.swift */ = {isa = PBXFileReference; lastKnownFileType = sourcecode.swift; path = "UIColor + ext.swift"; sourceTree = "<group>"; };
		34775A042881850800F01033 /* GuidomiaNavigationController.swift */ = {isa = PBXFileReference; lastKnownFileType = sourcecode.swift; path = GuidomiaNavigationController.swift; sourceTree = "<group>"; };
		34775A0628818A7600F01033 /* UIView + ext.swift */ = {isa = PBXFileReference; lastKnownFileType = sourcecode.swift; path = "UIView + ext.swift"; sourceTree = "<group>"; };
		34775A0828818B6100F01033 /* MainPageLogo.swift */ = {isa = PBXFileReference; lastKnownFileType = sourcecode.swift; path = MainPageLogo.swift; sourceTree = "<group>"; };
		34775A0C2881948600F01033 /* car_list.json */ = {isa = PBXFileReference; fileEncoding = 4; lastKnownFileType = text.json; path = car_list.json; sourceTree = "<group>"; };
		34775A10288273B100F01033 /* VehicleModel.swift */ = {isa = PBXFileReference; lastKnownFileType = sourcecode.swift; path = VehicleModel.swift; sourceTree = "<group>"; };
		34775A14288273DB00F01033 /* VehicleSectionCell.swift */ = {isa = PBXFileReference; lastKnownFileType = sourcecode.swift; path = VehicleSectionCell.swift; sourceTree = "<group>"; };
		34775A162882741E00F01033 /* Constants.swift */ = {isa = PBXFileReference; lastKnownFileType = sourcecode.swift; path = Constants.swift; sourceTree = "<group>"; };
		34775A1828828DF600F01033 /* String + ext.swift */ = {isa = PBXFileReference; lastKnownFileType = sourcecode.swift; path = "String + ext.swift"; sourceTree = "<group>"; };
		34775A1A2882D5E800F01033 /* VehicleDetailsCell.swift */ = {isa = PBXFileReference; lastKnownFileType = sourcecode.swift; path = VehicleDetailsCell.swift; sourceTree = "<group>"; };
		34775A1C2882D5FE00F01033 /* SeparatorCell.swift */ = {isa = PBXFileReference; lastKnownFileType = sourcecode.swift; path = SeparatorCell.swift; sourceTree = "<group>"; };
		34775A1F2883D25700F01033 /* FilterButton.swift */ = {isa = PBXFileReference; lastKnownFileType = sourcecode.swift; path = FilterButton.swift; sourceTree = "<group>"; };
		34775A222883D28700F01033 /* FiltersView.swift */ = {isa = PBXFileReference; lastKnownFileType = sourcecode.swift; path = FiltersView.swift; sourceTree = "<group>"; };
		34775A242883F28200F01033 /* DropdownView.swift */ = {isa = PBXFileReference; lastKnownFileType = sourcecode.swift; path = DropdownView.swift; sourceTree = "<group>"; };
		34EAC9952881784F00A483B8 /* Guidomia.app */ = {isa = PBXFileReference; explicitFileType = wrapper.application; includeInIndex = 0; path = Guidomia.app; sourceTree = BUILT_PRODUCTS_DIR; };
		34EAC9982881784F00A483B8 /* AppDelegate.swift */ = {isa = PBXFileReference; lastKnownFileType = sourcecode.swift; path = AppDelegate.swift; sourceTree = "<group>"; };
		34EAC99A2881784F00A483B8 /* SceneDelegate.swift */ = {isa = PBXFileReference; lastKnownFileType = sourcecode.swift; path = SceneDelegate.swift; sourceTree = "<group>"; };
		34EAC99C2881784F00A483B8 /* MainVC.swift */ = {isa = PBXFileReference; lastKnownFileType = sourcecode.swift; path = MainVC.swift; sourceTree = "<group>"; };
		34EAC9A12881785000A483B8 /* Assets.xcassets */ = {isa = PBXFileReference; lastKnownFileType = folder.assetcatalog; path = Assets.xcassets; sourceTree = "<group>"; };
		34EAC9A42881785000A483B8 /* Base */ = {isa = PBXFileReference; lastKnownFileType = file.storyboard; name = Base; path = Base.lproj/LaunchScreen.storyboard; sourceTree = "<group>"; };
		34EAC9A62881785000A483B8 /* Info.plist */ = {isa = PBXFileReference; lastKnownFileType = text.plist.xml; path = Info.plist; sourceTree = "<group>"; };
/* End PBXFileReference section */

/* Begin PBXFrameworksBuildPhase section */
		34EAC9922881784F00A483B8 /* Frameworks */ = {
			isa = PBXFrameworksBuildPhase;
			buildActionMask = 2147483647;
			files = (
			);
			runOnlyForDeploymentPostprocessing = 0;
		};
/* End PBXFrameworksBuildPhase section */

/* Begin PBXGroup section */
		34775A0128817F4200F01033 /* fonts */ = {
			isa = PBXGroup;
			children = (
				347759FF28817F3C00F01033 /* SairaStencilOne-Regular.ttf */,
			);
			path = fonts;
			sourceTree = "<group>";
		};
		34775A0E2881949200F01033 /* json */ = {
			isa = PBXGroup;
			children = (
				34775A0C2881948600F01033 /* car_list.json */,
			);
			path = json;
			sourceTree = "<group>";
		};
		34775A0F288273A400F01033 /* Model */ = {
			isa = PBXGroup;
			children = (
				34775A10288273B100F01033 /* VehicleModel.swift */,
			);
			path = Model;
			sourceTree = "<group>";
		};
		34775A12288273CC00F01033 /* Views */ = {
			isa = PBXGroup;
			children = (
				34775A2B2883FD8500F01033 /* NavigationController */,
				34775A212883D27900F01033 /* Custom */,
				34775A1E2883D24F00F01033 /* Buttons */,
				34775A13288273D200F01033 /* Cells */,
			);
			path = Views;
			sourceTree = "<group>";
		};
		34775A13288273D200F01033 /* Cells */ = {
			isa = PBXGroup;
			children = (
				34775A14288273DB00F01033 /* VehicleSectionCell.swift */,
				34775A1A2882D5E800F01033 /* VehicleDetailsCell.swift */,
				34775A1C2882D5FE00F01033 /* SeparatorCell.swift */,
			);
			path = Cells;
			sourceTree = "<group>";
		};
		34775A1E2883D24F00F01033 /* Buttons */ = {
			isa = PBXGroup;
			children = (
				34775A1F2883D25700F01033 /* FilterButton.swift */,
			);
			path = Buttons;
			sourceTree = "<group>";
		};
		34775A212883D27900F01033 /* Custom */ = {
			isa = PBXGroup;
			children = (
				34775A0828818B6100F01033 /* MainPageLogo.swift */,
				34775A222883D28700F01033 /* FiltersView.swift */,
				34775A242883F28200F01033 /* DropdownView.swift */,
			);
			path = Custom;
			sourceTree = "<group>";
		};
		34775A262883FCC700F01033 /* Extensions */ = {
			isa = PBXGroup;
			children = (
				34775A022881848000F01033 /* UIColor + ext.swift */,
				34775A0628818A7600F01033 /* UIView + ext.swift */,
				34775A1828828DF600F01033 /* String + ext.swift */,
			);
			path = Extensions;
			sourceTree = "<group>";
		};
		34775A272883FCD600F01033 /* Support */ = {
			isa = PBXGroup;
			children = (
				34775A0E2881949200F01033 /* json */,
				34775A0128817F4200F01033 /* fonts */,
				34EAC9982881784F00A483B8 /* AppDelegate.swift */,
				34EAC99A2881784F00A483B8 /* SceneDelegate.swift */,
				34EAC9A12881785000A483B8 /* Assets.xcassets */,
				34EAC9A32881785000A483B8 /* LaunchScreen.storyboard */,
			);
			path = Support;
			sourceTree = "<group>";
		};
		34775A282883FCEE00F01033 /* Screens */ = {
			isa = PBXGroup;
			children = (
				34EAC99C2881784F00A483B8 /* MainVC.swift */,
			);
			path = Screens;
			sourceTree = "<group>";
		};
		34775A2A2883FD2F00F01033 /* Utilities */ = {
			isa = PBXGroup;
			children = (
				34775A162882741E00F01033 /* Constants.swift */,
			);
			path = Utilities;
			sourceTree = "<group>";
		};
		34775A2B2883FD8500F01033 /* NavigationController */ = {
			isa = PBXGroup;
			children = (
				34775A042881850800F01033 /* GuidomiaNavigationController.swift */,
			);
			path = NavigationController;
			sourceTree = "<group>";
		};
		34EAC98C2881784F00A483B8 = {
			isa = PBXGroup;
			children = (
				34EAC9972881784F00A483B8 /* Guidomia */,
				34EAC9962881784F00A483B8 /* Products */,
			);
			sourceTree = "<group>";
		};
		34EAC9962881784F00A483B8 /* Products */ = {
			isa = PBXGroup;
			children = (
				34EAC9952881784F00A483B8 /* Guidomia.app */,
			);
			name = Products;
			sourceTree = "<group>";
		};
		34EAC9972881784F00A483B8 /* Guidomia */ = {
			isa = PBXGroup;
			children = (
				34775A2A2883FD2F00F01033 /* Utilities */,
				34775A282883FCEE00F01033 /* Screens */,
				34775A272883FCD600F01033 /* Support */,
				34775A262883FCC700F01033 /* Extensions */,
				34775A12288273CC00F01033 /* Views */,
				34775A0F288273A400F01033 /* Model */,
				34EAC9A62881785000A483B8 /* Info.plist */,
			);
			path = Guidomia;
			sourceTree = "<group>";
		};
/* End PBXGroup section */

/* Begin PBXNativeTarget section */
		34EAC9942881784F00A483B8 /* Guidomia */ = {
			isa = PBXNativeTarget;
			buildConfigurationList = 34EAC9A92881785000A483B8 /* Build configuration list for PBXNativeTarget "Guidomia" */;
			buildPhases = (
				34EAC9912881784F00A483B8 /* Sources */,
				34EAC9922881784F00A483B8 /* Frameworks */,
				34EAC9932881784F00A483B8 /* Resources */,
			);
			buildRules = (
			);
			dependencies = (
			);
			name = Guidomia;
			productName = Guidomia;
			productReference = 34EAC9952881784F00A483B8 /* Guidomia.app */;
			productType = "com.apple.product-type.application";
		};
/* End PBXNativeTarget section */

/* Begin PBXProject section */
		34EAC98D2881784F00A483B8 /* Project object */ = {
			isa = PBXProject;
			attributes = {
				BuildIndependentTargetsInParallel = 1;
				LastSwiftUpdateCheck = 1340;
				LastUpgradeCheck = 1340;
				TargetAttributes = {
					34EAC9942881784F00A483B8 = {
						CreatedOnToolsVersion = 13.4.1;
					};
				};
			};
			buildConfigurationList = 34EAC9902881784F00A483B8 /* Build configuration list for PBXProject "Guidomia" */;
			compatibilityVersion = "Xcode 13.0";
			developmentRegion = en;
			hasScannedForEncodings = 0;
			knownRegions = (
				en,
				Base,
			);
			mainGroup = 34EAC98C2881784F00A483B8;
			productRefGroup = 34EAC9962881784F00A483B8 /* Products */;
			projectDirPath = "";
			projectRoot = "";
			targets = (
				34EAC9942881784F00A483B8 /* Guidomia */,
			);
		};
/* End PBXProject section */

/* Begin PBXResourcesBuildPhase section */
		34EAC9932881784F00A483B8 /* Resources */ = {
			isa = PBXResourcesBuildPhase;
			buildActionMask = 2147483647;
			files = (
				34775A0028817F3C00F01033 /* SairaStencilOne-Regular.ttf in Resources */,
				34EAC9A52881785000A483B8 /* LaunchScreen.storyboard in Resources */,
				34775A0D2881948600F01033 /* car_list.json in Resources */,
				34EAC9A22881785000A483B8 /* Assets.xcassets in Resources */,
			);
			runOnlyForDeploymentPostprocessing = 0;
		};
/* End PBXResourcesBuildPhase section */

/* Begin PBXSourcesBuildPhase section */
		34EAC9912881784F00A483B8 /* Sources */ = {
			isa = PBXSourcesBuildPhase;
			buildActionMask = 2147483647;
			files = (
				34775A1928828DF600F01033 /* String + ext.swift in Sources */,
				34EAC99D2881784F00A483B8 /* MainVC.swift in Sources */,
				34EAC9992881784F00A483B8 /* AppDelegate.swift in Sources */,
				34EAC99B2881784F00A483B8 /* SceneDelegate.swift in Sources */,
				34775A232883D28700F01033 /* FiltersView.swift in Sources */,
				34775A252883F28200F01033 /* DropdownView.swift in Sources */,
				34775A1D2882D5FE00F01033 /* SeparatorCell.swift in Sources */,
				34775A032881848000F01033 /* UIColor + ext.swift in Sources */,
				34775A0928818B6100F01033 /* MainPageLogo.swift in Sources */,
				34775A172882741E00F01033 /* Constants.swift in Sources */,
				34775A0728818A7600F01033 /* UIView + ext.swift in Sources */,
				34775A15288273DB00F01033 /* VehicleSectionCell.swift in Sources */,
				34775A1B2882D5E800F01033 /* VehicleDetailsCell.swift in Sources */,
				34775A11288273B100F01033 /* VehicleModel.swift in Sources */,
				34775A052881850800F01033 /* GuidomiaNavigationController.swift in Sources */,
				34775A202883D25700F01033 /* FilterButton.swift in Sources */,
			);
			runOnlyForDeploymentPostprocessing = 0;
		};
/* End PBXSourcesBuildPhase section */

/* Begin PBXVariantGroup section */
		34EAC9A32881785000A483B8 /* LaunchScreen.storyboard */ = {
			isa = PBXVariantGroup;
			children = (
				34EAC9A42881785000A483B8 /* Base */,
			);
			name = LaunchScreen.storyboard;
			sourceTree = "<group>";
		};
/* End PBXVariantGroup section */

/* Begin XCBuildConfiguration section */
		34EAC9A72881785000A483B8 /* Debug */ = {
			isa = XCBuildConfiguration;
			buildSettings = {
				ALWAYS_SEARCH_USER_PATHS = NO;
				CLANG_ANALYZER_NONNULL = YES;
				CLANG_ANALYZER_NUMBER_OBJECT_CONVERSION = YES_AGGRESSIVE;
				CLANG_CXX_LANGUAGE_STANDARD = "gnu++17";
				CLANG_ENABLE_MODULES = YES;
				CLANG_ENABLE_OBJC_ARC = YES;
				CLANG_ENABLE_OBJC_WEAK = YES;
				CLANG_WARN_BLOCK_CAPTURE_AUTORELEASING = YES;
				CLANG_WARN_BOOL_CONVERSION = YES;
				CLANG_WARN_COMMA = YES;
				CLANG_WARN_CONSTANT_CONVERSION = YES;
				CLANG_WARN_DEPRECATED_OBJC_IMPLEMENTATIONS = YES;
				CLANG_WARN_DIRECT_OBJC_ISA_USAGE = YES_ERROR;
				CLANG_WARN_DOCUMENTATION_COMMENTS = YES;
				CLANG_WARN_EMPTY_BODY = YES;
				CLANG_WARN_ENUM_CONVERSION = YES;
				CLANG_WARN_INFINITE_RECURSION = YES;
				CLANG_WARN_INT_CONVERSION = YES;
				CLANG_WARN_NON_LITERAL_NULL_CONVERSION = YES;
				CLANG_WARN_OBJC_IMPLICIT_RETAIN_SELF = YES;
				CLANG_WARN_OBJC_LITERAL_CONVERSION = YES;
				CLANG_WARN_OBJC_ROOT_CLASS = YES_ERROR;
				CLANG_WARN_QUOTED_INCLUDE_IN_FRAMEWORK_HEADER = YES;
				CLANG_WARN_RANGE_LOOP_ANALYSIS = YES;
				CLANG_WARN_STRICT_PROTOTYPES = YES;
				CLANG_WARN_SUSPICIOUS_MOVE = YES;
				CLANG_WARN_UNGUARDED_AVAILABILITY = YES_AGGRESSIVE;
				CLANG_WARN_UNREACHABLE_CODE = YES;
				CLANG_WARN__DUPLICATE_METHOD_MATCH = YES;
				COPY_PHASE_STRIP = NO;
				DEBUG_INFORMATION_FORMAT = dwarf;
				ENABLE_STRICT_OBJC_MSGSEND = YES;
				ENABLE_TESTABILITY = YES;
				GCC_C_LANGUAGE_STANDARD = gnu11;
				GCC_DYNAMIC_NO_PIC = NO;
				GCC_NO_COMMON_BLOCKS = YES;
				GCC_OPTIMIZATION_LEVEL = 0;
				GCC_PREPROCESSOR_DEFINITIONS = (
					"DEBUG=1",
					"$(inherited)",
				);
				GCC_WARN_64_TO_32_BIT_CONVERSION = YES;
				GCC_WARN_ABOUT_RETURN_TYPE = YES_ERROR;
				GCC_WARN_UNDECLARED_SELECTOR = YES;
				GCC_WARN_UNINITIALIZED_AUTOS = YES_AGGRESSIVE;
				GCC_WARN_UNUSED_FUNCTION = YES;
				GCC_WARN_UNUSED_VARIABLE = YES;
				IPHONEOS_DEPLOYMENT_TARGET = 15.5;
				MTL_ENABLE_DEBUG_INFO = INCLUDE_SOURCE;
				MTL_FAST_MATH = YES;
				ONLY_ACTIVE_ARCH = YES;
				SDKROOT = iphoneos;
				SWIFT_ACTIVE_COMPILATION_CONDITIONS = DEBUG;
				SWIFT_OPTIMIZATION_LEVEL = "-Onone";
			};
			name = Debug;
		};
		34EAC9A82881785000A483B8 /* Release */ = {
			isa = XCBuildConfiguration;
			buildSettings = {
				ALWAYS_SEARCH_USER_PATHS = NO;
				CLANG_ANALYZER_NONNULL = YES;
				CLANG_ANALYZER_NUMBER_OBJECT_CONVERSION = YES_AGGRESSIVE;
				CLANG_CXX_LANGUAGE_STANDARD = "gnu++17";
				CLANG_ENABLE_MODULES = YES;
				CLANG_ENABLE_OBJC_ARC = YES;
				CLANG_ENABLE_OBJC_WEAK = YES;
				CLANG_WARN_BLOCK_CAPTURE_AUTORELEASING = YES;
				CLANG_WARN_BOOL_CONVERSION = YES;
				CLANG_WARN_COMMA = YES;
				CLANG_WARN_CONSTANT_CONVERSION = YES;
				CLANG_WARN_DEPRECATED_OBJC_IMPLEMENTATIONS = YES;
				CLANG_WARN_DIRECT_OBJC_ISA_USAGE = YES_ERROR;
				CLANG_WARN_DOCUMENTATION_COMMENTS = YES;
				CLANG_WARN_EMPTY_BODY = YES;
				CLANG_WARN_ENUM_CONVERSION = YES;
				CLANG_WARN_INFINITE_RECURSION = YES;
				CLANG_WARN_INT_CONVERSION = YES;
				CLANG_WARN_NON_LITERAL_NULL_CONVERSION = YES;
				CLANG_WARN_OBJC_IMPLICIT_RETAIN_SELF = YES;
				CLANG_WARN_OBJC_LITERAL_CONVERSION = YES;
				CLANG_WARN_OBJC_ROOT_CLASS = YES_ERROR;
				CLANG_WARN_QUOTED_INCLUDE_IN_FRAMEWORK_HEADER = YES;
				CLANG_WARN_RANGE_LOOP_ANALYSIS = YES;
				CLANG_WARN_STRICT_PROTOTYPES = YES;
				CLANG_WARN_SUSPICIOUS_MOVE = YES;
				CLANG_WARN_UNGUARDED_AVAILABILITY = YES_AGGRESSIVE;
				CLANG_WARN_UNREACHABLE_CODE = YES;
				CLANG_WARN__DUPLICATE_METHOD_MATCH = YES;
				COPY_PHASE_STRIP = NO;
				DEBUG_INFORMATION_FORMAT = "dwarf-with-dsym";
				ENABLE_NS_ASSERTIONS = NO;
				ENABLE_STRICT_OBJC_MSGSEND = YES;
				GCC_C_LANGUAGE_STANDARD = gnu11;
				GCC_NO_COMMON_BLOCKS = YES;
				GCC_WARN_64_TO_32_BIT_CONVERSION = YES;
				GCC_WARN_ABOUT_RETURN_TYPE = YES_ERROR;
				GCC_WARN_UNDECLARED_SELECTOR = YES;
				GCC_WARN_UNINITIALIZED_AUTOS = YES_AGGRESSIVE;
				GCC_WARN_UNUSED_FUNCTION = YES;
				GCC_WARN_UNUSED_VARIABLE = YES;
				IPHONEOS_DEPLOYMENT_TARGET = 15.5;
				MTL_ENABLE_DEBUG_INFO = NO;
				MTL_FAST_MATH = YES;
				SDKROOT = iphoneos;
				SWIFT_COMPILATION_MODE = wholemodule;
				SWIFT_OPTIMIZATION_LEVEL = "-O";
				VALIDATE_PRODUCT = YES;
			};
			name = Release;
		};
		34EAC9AA2881785000A483B8 /* Debug */ = {
			isa = XCBuildConfiguration;
			buildSettings = {
				ASSETCATALOG_COMPILER_APPICON_NAME = AppIcon;
				ASSETCATALOG_COMPILER_GLOBAL_ACCENT_COLOR_NAME = AccentColor;
				CODE_SIGN_STYLE = Automatic;
				CURRENT_PROJECT_VERSION = 1;
				DEVELOPMENT_TEAM = 34W5S52327;
				GENERATE_INFOPLIST_FILE = YES;
				INFOPLIST_FILE = Guidomia/Info.plist;
				INFOPLIST_KEY_UIApplicationSupportsIndirectInputEvents = YES;
				INFOPLIST_KEY_UILaunchStoryboardName = LaunchScreen;
				INFOPLIST_KEY_UISupportedInterfaceOrientations_iPad = "UIInterfaceOrientationPortrait UIInterfaceOrientationPortraitUpsideDown UIInterfaceOrientationLandscapeLeft UIInterfaceOrientationLandscapeRight";
				INFOPLIST_KEY_UISupportedInterfaceOrientations_iPhone = "UIInterfaceOrientationPortrait UIInterfaceOrientationLandscapeLeft UIInterfaceOrientationLandscapeRight";
				LD_RUNPATH_SEARCH_PATHS = (
					"$(inherited)",
					"@executable_path/Frameworks",
				);
				MARKETING_VERSION = 1.0;
				PRODUCT_BUNDLE_IDENTIFIER = co.kavinskyi.Guidomia;
				PRODUCT_NAME = "$(TARGET_NAME)";
				SWIFT_EMIT_LOC_STRINGS = YES;
				SWIFT_VERSION = 5.0;
				TARGETED_DEVICE_FAMILY = "1,2";
			};
			name = Debug;
		};
		34EAC9AB2881785000A483B8 /* Release */ = {
			isa = XCBuildConfiguration;
			buildSettings = {
				ASSETCATALOG_COMPILER_APPICON_NAME = AppIcon;
				ASSETCATALOG_COMPILER_GLOBAL_ACCENT_COLOR_NAME = AccentColor;
				CODE_SIGN_STYLE = Automatic;
				CURRENT_PROJECT_VERSION = 1;
				DEVELOPMENT_TEAM = 34W5S52327;
				GENERATE_INFOPLIST_FILE = YES;
				INFOPLIST_FILE = Guidomia/Info.plist;
				INFOPLIST_KEY_UIApplicationSupportsIndirectInputEvents = YES;
				INFOPLIST_KEY_UILaunchStoryboardName = LaunchScreen;
				INFOPLIST_KEY_UISupportedInterfaceOrientations_iPad = "UIInterfaceOrientationPortrait UIInterfaceOrientationPortraitUpsideDown UIInterfaceOrientationLandscapeLeft UIInterfaceOrientationLandscapeRight";
				INFOPLIST_KEY_UISupportedInterfaceOrientations_iPhone = "UIInterfaceOrientationPortrait UIInterfaceOrientationLandscapeLeft UIInterfaceOrientationLandscapeRight";
				LD_RUNPATH_SEARCH_PATHS = (
					"$(inherited)",
					"@executable_path/Frameworks",
				);
				MARKETING_VERSION = 1.0;
				PRODUCT_BUNDLE_IDENTIFIER = co.kavinskyi.Guidomia;
				PRODUCT_NAME = "$(TARGET_NAME)";
				SWIFT_EMIT_LOC_STRINGS = YES;
				SWIFT_VERSION = 5.0;
				TARGETED_DEVICE_FAMILY = "1,2";
			};
			name = Release;
		};
/* End XCBuildConfiguration section */

/* Begin XCConfigurationList section */
		34EAC9902881784F00A483B8 /* Build configuration list for PBXProject "Guidomia" */ = {
			isa = XCConfigurationList;
			buildConfigurations = (
				34EAC9A72881785000A483B8 /* Debug */,
				34EAC9A82881785000A483B8 /* Release */,
			);
			defaultConfigurationIsVisible = 0;
			defaultConfigurationName = Release;
		};
		34EAC9A92881785000A483B8 /* Build configuration list for PBXNativeTarget "Guidomia" */ = {
			isa = XCConfigurationList;
			buildConfigurations = (
				34EAC9AA2881785000A483B8 /* Debug */,
				34EAC9AB2881785000A483B8 /* Release */,
			);
			defaultConfigurationIsVisible = 0;
			defaultConfigurationName = Release;
		};
/* End XCConfigurationList section */
	};
	rootObject = 34EAC98D2881784F00A483B8 /* Project object */;
}
